
Microsoft Visual Studio Solution File, Format Version 12.00
# Visual Studio Version 17
VisualStudioVersion = 17.5.33516.290
MinimumVisualStudioVersion = 10.0.40219.1
Project("{9A19103F-16F7-4668-BE54-9A1E7A4F7556}") = "NHME_Apps", "NHME_Apps.csproj", "{24700434-0B5A-44AB-9E0A-782CE08872C4}"
EndProject
Global
	GlobalSection(SolutionConfigurationPlatforms) = preSolution
		Debug|Any CPU = Debug|Any CPU
		Release|Any CPU = Release|Any CPU
	EndGlobalSection
	GlobalSection(ProjectConfigurationPlatforms) = postSolution
		{24700434-0B5A-44AB-9E0A-782CE08872C4}.Debug|Any CPU.ActiveCfg = Debug|Any CPU
		{24700434-0B5A-44AB-9E0A-782CE08872C4}.Debug|Any CPU.Build.0 = Debug|Any CPU
		{24700434-0B5A-44AB-9E0A-782CE08872C4}.Release|Any CPU.ActiveCfg = Release|Any CPU
		{24700434-0B5A-44AB-9E0A-782CE08872C4}.Release|Any CPU.Build.0 = Release|Any CPU
	EndGlobalSection
	GlobalSection(SolutionProperties) = preSolution
		HideSolutionNode = FALSE
	EndGlobalSection
	GlobalSection(ExtensibilityGlobals) = postSolution
		SolutionGuid = {CA1A6029-B229-4363-8E1E-6A3BBEF05810}
	EndGlobalSection
EndGlobal
